PODS:
  - connect_test (0.0.3):
    - Flutter
    - IBMMobileFirstPlatformFoundation (= 8.0.2020082709)
  - Flutter (1.0.0)
  - IBMMobileFirstPlatformFoundation (8.0.2020082709)

DEPENDENCIES:
  - connect_test (from `.symlinks/plugins/connect_test/ios`)
  - Flutter (from `Flutter`)

SPEC REPOS:
  trunk:
    - IBMMobileFirstPlatformFoundation

EXTERNAL SOURCES:
  connect_test:
    :path: ".symlinks/plugins/connect_test/ios"
  Flutter:
    :path: Flutter

SPEC CHECKSUMS:
  connect_test: 42e5df5fb8f56c115f869f01a6df8d93a05c8800
  Flutter: 0e3d915762c693b495b44d77113d4970485de6ec
  IBMMobileFirstPlatformFoundation: 0babcb9c6896ce7a46b31f25b166689428b70cc4

PODFILE CHECKSUM: aafe91acc616949ddb318b77800a7f51bffa2a4c

COCOAPODS: 1.10.0.rc.1
